# THIS IS AN AUTOGENERATED FILE. DO NOT EDIT THIS FILE DIRECTLY.
# yarn lockfile v1


"@babel/runtime-corejs3@^7.14.9":
  version "7.15.4"
  resolved "https://registry.yarnpkg.com/@babel/runtime-corejs3/-/runtime-corejs3-7.15.4.tgz#403139af262b9a6e8f9ba04a6fdcebf8de692bf1"
  integrity sha512-lWcAqKeB624/twtTc3w6w/2o9RqJPaNBhPGK6DKLSiwuVWC7WFkypWyNg+CpZoyJH0jVzv1uMtXZ/5/lQOLtCg==
  dependencies:
    core-js-pure "^3.16.0"
    regenerator-runtime "^0.13.4"

"@types/node@^16.9.2":
  version "16.9.2"
  resolved "https://registry.yarnpkg.com/@types/node/-/node-16.9.2.tgz#81f5a039d6ed1941f8cc57506c74e7c2b8fc64b9"
  integrity sha512-ZHty/hKoOLZvSz6BtP1g7tc7nUeJhoCf3flLjh8ZEv1vFKBWHXcnMbJMyN/pftSljNyy0kNW/UqI3DccnBnZ8w==

core-js-pure@^3.16.0:
  version "3.17.3"
  resolved "https://registry.yarnpkg.com/core-js-pure/-/core-js-pure-3.17.3.tgz#98ea3587188ab7ef4695db6518eeb71aec42604a"
  integrity sha512-YusrqwiOTTn8058JDa0cv9unbXdIiIgcgI9gXso0ey4WgkFLd3lYlV9rp9n7nDCsYxXsMDTjA4m1h3T348mdlQ==

fs@^0.0.1-security:
  version "0.0.1-security"
  resolved "https://registry.yarnpkg.com/fs/-/fs-0.0.1-security.tgz#8a7bd37186b6dddf3813f23858b57ecaaf5e41d4"
  integrity sha1-invTcYa23d84E/I4WLV+yq9eQdQ=

regenerator-runtime@^0.13.4:
  version "0.13.9"
  resolved "https://registry.yarnpkg.com/regenerator-runtime/-/regenerator-runtime-0.13.9.tgz#8925742a98ffd90814988d7566ad30ca3b263b52"
  integrity sha512-p3VT+cOEgxFsRRA9X4lkI1E+k2/CtnKtU4gcxyaCUreilL/vqI6CdZ3wxVUx3UOUg+gnUOQQcRI7BmSI656MYA==

typescript@^4.4.3:
  version "4.4.3"
  resolved "https://registry.yarnpkg.com/typescript/-/typescript-4.4.3.tgz#bdc5407caa2b109efd4f82fe130656f977a29324"
  integrity sha512-4xfscpisVgqqDfPaJo5vkd+Qd/ItkoagnHpufr+i2QCHBsNYp+G7UAoyFl8aPtx879u38wPV65rZ8qbGZijalA==

xregexp@^5.1.0:
  version "5.1.0"
  resolved "https://registry.yarnpkg.com/xregexp/-/xregexp-5.1.0.tgz#c87e7ae5ffa5fdc520f898a467dcba02b0d391e9"
  integrity sha512-PynwUWtXnSZr8tpQlDPMZfPTyv78EYuA4oI959ukxcQ0a9O/lvndLVKy5wpImzzA26eMxpZmnAXJYiQA13AtWA==
  dependencies:
    "@babel/runtime-corejs3" "^7.14.9"
